PODS:
  - FLAnimatedImage (1.0.12)
  - Masonry (0.6.4)
  - ReactiveCocoa (2.4.7):
    - ReactiveCocoa/UI (= 2.4.7)
  - ReactiveCocoa/Core (2.4.7):
    - ReactiveCocoa/no-arc
  - ReactiveCocoa/no-arc (2.4.7)
  - ReactiveCocoa/UI (2.4.7):
    - ReactiveCocoa/Core

DEPENDENCIES:
  - FLAnimatedImage (~> 1.0)
  - Masonry (~> 0.6.1)
  - ReactiveCocoa (~> 2.4.4)

SPEC CHECKSUMS:
  FLAnimatedImage: 4a0b56255d9b05f18b6dd7ee06871be5d3b89e31
  Masonry: 281802d04d787ea2973179ee8bcb50500579ede2
  ReactiveCocoa: eb38dee0a0e698f73a9b25e5c1faea2bb4c79240

COCOAPODS: 0.39.0
